
Microsoft Visual Studio Solution File, Format Version 12.00
# Visual Studio Version 17
VisualStudioVersion = 17.8.34525.116
MinimumVisualStudioVersion = 10.0.40219.1
Project("{9A19103F-16F7-4668-BE54-9A1E7A4F7556}") = "AudioDownloader", "AudioDownloader.csproj", "{A58596E0-CC41-4C90-AE05-07F05FC7CD46}"
EndProject
Global
	GlobalSection(SolutionConfigurationPlatforms) = preSolution
		Debug|Any CPU = Debug|Any CPU
		Release|Any CPU = Release|Any CPU
	EndGlobalSection
	GlobalSection(ProjectConfigurationPlatforms) = postSolution
		{A58596E0-CC41-4C90-AE05-07F05FC7CD46}.Debug|Any CPU.ActiveCfg = Debug|Any CPU
		{A58596E0-CC41-4C90-AE05-07F05FC7CD46}.Debug|Any CPU.Build.0 = Debug|Any CPU
		{A58596E0-CC41-4C90-AE05-07F05FC7CD46}.Release|Any CPU.ActiveCfg = Release|Any CPU
		{A58596E0-CC41-4C90-AE05-07F05FC7CD46}.Release|Any CPU.Build.0 = Release|Any CPU
	EndGlobalSection
	GlobalSection(SolutionProperties) = preSolution
		HideSolutionNode = FALSE
	EndGlobalSection
	GlobalSection(ExtensibilityGlobals) = postSolution
		SolutionGuid = {E0572102-FC1E-42FA-9C76-55610449C38A}
	EndGlobalSection
EndGlobal
